lockfileVersion: '6.0'

dependencies:
  '@lexical/react':
    specifier: ^0.11.1
    version: 0.11.1(lexical@0.11.1)(react-dom@18.2.0)(react@18.2.0)(yjs@13.6.6)

packages:

  /@babel/runtime@7.22.6:
    resolution: {integrity: sha512-wDb5pWm4WDdF6LFUde3Jl8WzPA+3ZbxYqkC6xAXuD3irdEHN1k0NfTRrJD8ZD378SJ61miMLCqIOXYhd8x+AJQ==}
    engines: {node: '>=6.9.0'}
    dependencies:
      regenerator-runtime: 0.13.11
    dev: false

  /@lexical/clipboard@0.11.1(lexical@0.11.1):
    resolution: {integrity: sha512-xwesC2BMv+/ZF0DRMaTPHr4hrnaEbqsfkL1MG+xtqHZOM+paavXqEYp2Uh4WEAaSsmkIFWbrxP1Kraq9O8EZbw==}
    peerDependencies:
      lexical: 0.11.1
    dependencies:
      '@lexical/html': 0.11.1(lexical@0.11.1)
      '@lexical/list': 0.11.1(lexical@0.11.1)
      '@lexical/selection': 0.11.1(lexical@0.11.1)
      '@lexical/utils': 0.11.1(lexical@0.11.1)
      lexical: 0.11.1
    dev: false

  /@lexical/code@0.11.1(lexical@0.11.1):
    resolution: {integrity: sha512-6XIclSRdPI3E6QtM0sVvip4M5xSvbghoyUnG0hiGjYv5py73748VrRnkr1JF0narSXeKSLKKe4j7IssTaKYS0A==}
    peerDependencies:
      lexical: 0.11.1
    dependencies:
      '@lexical/utils': 0.11.1(lexical@0.11.1)
      lexical: 0.11.1
      prismjs: 1.29.0
    dev: false

  /@lexical/dragon@0.11.1(lexical@0.11.1):
    resolution: {integrity: sha512-Yg4lsaHgHdgxMFdz8bapfPHXevxk5rgegleJxsmx/c59+MLG7/R7h1ZIVRoZesIhlYF1rvvZHuWzQCJRqleCrQ==}
    peerDependencies:
      lexical: 0.11.1
    dependencies:
      lexical: 0.11.1
    dev: false

  /@lexical/hashtag@0.11.1(lexical@0.11.1):
    resolution: {integrity: sha512-DcAhrVmJ7pJ49z3oGkA8kd+oPtgglsoM89GkBTOOTh0hF8f2y0xpsaRVY/+YnOn7mxE3SAC2DDVh5txqOzZ1HQ==}
    peerDependencies:
      lexical: 0.11.1
    dependencies:
      '@lexical/utils': 0.11.1(lexical@0.11.1)
      lexical: 0.11.1
    dev: false

  /@lexical/history@0.11.1(lexical@0.11.1):
    resolution: {integrity: sha512-JDwTb3GvD3GwIsAekdSLSZkKKA9iGVwt/ncnf75hKC19dLogsRmFqlT7gvZGnYmX8QlYhKTb3wyUQsn7Iax3qA==}
    peerDependencies:
      lexical: 0.11.1
    dependencies:
      '@lexical/utils': 0.11.1(lexical@0.11.1)
      lexical: 0.11.1
    dev: false

  /@lexical/html@0.11.1(lexical@0.11.1):
    resolution: {integrity: sha512-tkXPpJCM73VwMynnWwZPqdL8gN9ydGtJsPz28Q1m5P3WD6sFERwCasJxYyMPCcL3KfGQ6a0WZCCEtnyUn7VQkg==}
    peerDependencies:
      lexical: 0.11.1
    dependencies:
      '@lexical/selection': 0.11.1(lexical@0.11.1)
      lexical: 0.11.1
    dev: false

  /@lexical/link@0.11.1(lexical@0.11.1):
    resolution: {integrity: sha512-eEVZfSvdYKyjv5g35Rm50y+gglg4d5hgjiWuHzynT6XknU1VmR/WknEdSQybPK9vo2E2qf3qURyp1oAUaAPVjw==}
    peerDependencies:
      lexical: 0.11.1
    dependencies:
      '@lexical/utils': 0.11.1(lexical@0.11.1)
      lexical: 0.11.1
    dev: false

  /@lexical/list@0.11.1(lexical@0.11.1):
    resolution: {integrity: sha512-gONvM0q0eyA7yaSQ9WnoVs0riUrgilqVS4mdXDu3UKlr0hcDfJICEZO8ooorFu9yRkNzp8HRIkGByW6oQBa1cQ==}
    peerDependencies:
      lexical: 0.11.1
    dependencies:
      '@lexical/utils': 0.11.1(lexical@0.11.1)
      lexical: 0.11.1
    dev: false

  /@lexical/mark@0.11.1(lexical@0.11.1):
    resolution: {integrity: sha512-HA9XTrfXFmipxsFbtDTN8uQl7v9EPm40C4LgJKc2PFV7uNXnz/KF6FE5Gwe/iz/ueMF0EH288t7w3J2KuHbFkQ==}
    peerDependencies:
      lexical: 0.11.1
    dependencies:
      '@lexical/utils': 0.11.1(lexical@0.11.1)
      lexical: 0.11.1
    dev: false

  /@lexical/markdown@0.11.1(@lexical/clipboard@0.11.1)(@lexical/selection@0.11.1)(lexical@0.11.1):
    resolution: {integrity: sha512-yk8q2808PJrW7yT5ym/4j78lkNCdi/rWmbZN49tNtetWClddHPEYifdOfuSsf2aAOx65/23B7zHs87BuyzXWFw==}
    peerDependencies:
      lexical: 0.11.1
    dependencies:
      '@lexical/code': 0.11.1(lexical@0.11.1)
      '@lexical/link': 0.11.1(lexical@0.11.1)
      '@lexical/list': 0.11.1(lexical@0.11.1)
      '@lexical/rich-text': 0.11.1(@lexical/clipboard@0.11.1)(@lexical/selection@0.11.1)(@lexical/utils@0.11.1)(lexical@0.11.1)
      '@lexical/text': 0.11.1(lexical@0.11.1)
      '@lexical/utils': 0.11.1(lexical@0.11.1)
      lexical: 0.11.1
    transitivePeerDependencies:
      - '@lexical/clipboard'
      - '@lexical/selection'
    dev: false

  /@lexical/offset@0.11.1(lexical@0.11.1):
    resolution: {integrity: sha512-x6ERzo1cHoL9tcetpomqnf52EJ8f/wAF4vnEbJ9k/BRAZJQBc3UX/WYx+IyycxCBVeh3mxOhjZHqesYCvPFTRw==}
    peerDependencies:
      lexical: 0.11.1
    dependencies:
      lexical: 0.11.1
    dev: false

  /@lexical/overflow@0.11.1(lexical@0.11.1):
    resolution: {integrity: sha512-mx99fWfGjbr6Va/jPgsagUJzYzC0WV7us43HYk98XSJJpz/dPapNyRUARJrSinv/iu47HkA1X4Kvgd6LqbIvxA==}
    peerDependencies:
      lexical: 0.11.1
    dependencies:
      lexical: 0.11.1
    dev: false

  /@lexical/plain-text@0.11.1(@lexical/clipboard@0.11.1)(@lexical/selection@0.11.1)(@lexical/utils@0.11.1)(lexical@0.11.1):
    resolution: {integrity: sha512-G4OlqDTPWR2S58ONzEtyJW0XvTh0M46mhCzldrvJatcOUNrnCqL9ZeL3LSld/IRz8T4sjCRD6E1QjAFy51DUxg==}
    peerDependencies:
      '@lexical/clipboard': 0.11.1
      '@lexical/selection': 0.11.1
      '@lexical/utils': 0.11.1
      lexical: 0.11.1
    dependencies:
      '@lexical/clipboard': 0.11.1(lexical@0.11.1)
      '@lexical/selection': 0.11.1(lexical@0.11.1)
      '@lexical/utils': 0.11.1(lexical@0.11.1)
      lexical: 0.11.1
    dev: false

  /@lexical/react@0.11.1(lexical@0.11.1)(react-dom@18.2.0)(react@18.2.0)(yjs@13.6.6):
    resolution: {integrity: sha512-iXZusD0Z+eqttuh8s58ZP3H+tn0V1JYOay/Xo3y6/N+UXJ3NpBfVXRQB97cY/861jezMgbmvcjXuhH/rlKCvSg==}
    peerDependencies:
      lexical: 0.11.1
      react: '>=17.x'
      react-dom: '>=17.x'
    dependencies:
      '@lexical/clipboard': 0.11.1(lexical@0.11.1)
      '@lexical/code': 0.11.1(lexical@0.11.1)
      '@lexical/dragon': 0.11.1(lexical@0.11.1)
      '@lexical/hashtag': 0.11.1(lexical@0.11.1)
      '@lexical/history': 0.11.1(lexical@0.11.1)
      '@lexical/link': 0.11.1(lexical@0.11.1)
      '@lexical/list': 0.11.1(lexical@0.11.1)
      '@lexical/mark': 0.11.1(lexical@0.11.1)
      '@lexical/markdown': 0.11.1(@lexical/clipboard@0.11.1)(@lexical/selection@0.11.1)(lexical@0.11.1)
      '@lexical/overflow': 0.11.1(lexical@0.11.1)
      '@lexical/plain-text': 0.11.1(@lexical/clipboard@0.11.1)(@lexical/selection@0.11.1)(@lexical/utils@0.11.1)(lexical@0.11.1)
      '@lexical/rich-text': 0.11.1(@lexical/clipboard@0.11.1)(@lexical/selection@0.11.1)(@lexical/utils@0.11.1)(lexical@0.11.1)
      '@lexical/selection': 0.11.1(lexical@0.11.1)
      '@lexical/table': 0.11.1(lexical@0.11.1)
      '@lexical/text': 0.11.1(lexical@0.11.1)
      '@lexical/utils': 0.11.1(lexical@0.11.1)
      '@lexical/yjs': 0.11.1(lexical@0.11.1)(yjs@13.6.6)
      lexical: 0.11.1
      react: 18.2.0
      react-dom: 18.2.0(react@18.2.0)
      react-error-boundary: 3.1.4(react@18.2.0)
    transitivePeerDependencies:
      - yjs
    dev: false

  /@lexical/rich-text@0.11.1(@lexical/clipboard@0.11.1)(@lexical/selection@0.11.1)(@lexical/utils@0.11.1)(lexical@0.11.1):
    resolution: {integrity: sha512-cwko/7VuvHd8nuvt0GTaOxxpDpT24NnP15C0ZMJ6LVBgqKz7hOqhZZ6iAB/JOrivifF9nGBlC+jabZF75Gz3Fw==}
    peerDependencies:
      '@lexical/clipboard': 0.11.1
      '@lexical/selection': 0.11.1
      '@lexical/utils': 0.11.1
      lexical: 0.11.1
    dependencies:
      '@lexical/clipboard': 0.11.1(lexical@0.11.1)
      '@lexical/selection': 0.11.1(lexical@0.11.1)
      '@lexical/utils': 0.11.1(lexical@0.11.1)
      lexical: 0.11.1
    dev: false

  /@lexical/selection@0.11.1(lexical@0.11.1):
    resolution: {integrity: sha512-sSiwWlu7LmxasdXAWcphtf5+ZK/6GRe3e/SAuCULfcrvYtEQrXIeyZt1IAvMxStELdQgf8vd0PzwajKcYjEM4A==}
    peerDependencies:
      lexical: 0.11.1
    dependencies:
      lexical: 0.11.1
    dev: false

  /@lexical/table@0.11.1(lexical@0.11.1):
    resolution: {integrity: sha512-v5HNW6jk4BHFsxsr8tPhAgokWUxL/ekvIHByXnikgEXVQiG7NPXMt7PWKVdOhH4Pn+OeF/OeeqcsTSh1/I8ZKQ==}
    peerDependencies:
      lexical: 0.11.1
    dependencies:
      '@lexical/utils': 0.11.1(lexical@0.11.1)
      lexical: 0.11.1
    dev: false

  /@lexical/text@0.11.1(lexical@0.11.1):
    resolution: {integrity: sha512-TQ9vb24sStMicnJaGT9U6yUCVXTIVFHAzt5cMPtr7hK6b1CsJPMTRmsM7n5vIo9xnHM9SLLe01AxwL2O7I1QKg==}
    peerDependencies:
      lexical: 0.11.1
    dependencies:
      lexical: 0.11.1
    dev: false

  /@lexical/utils@0.11.1(lexical@0.11.1):
    resolution: {integrity: sha512-Sssv82m0yJgRBvShZDZnE4KNX+8O49sAI1Mc2kRKoTlSSbpmpEcrbJnz8S2bmbYcyHalP8+Id/GFziOclI3zUQ==}
    peerDependencies:
      lexical: 0.11.1
    dependencies:
      '@lexical/list': 0.11.1(lexical@0.11.1)
      '@lexical/selection': 0.11.1(lexical@0.11.1)
      '@lexical/table': 0.11.1(lexical@0.11.1)
      lexical: 0.11.1
    dev: false

  /@lexical/yjs@0.11.1(lexical@0.11.1)(yjs@13.6.6):
    resolution: {integrity: sha512-69Q462s4roXN6S8mk/ogMRZNyqLY024w38RzMVvJkY/W7sz30vPNX1RyEDHvTjgBhPXQqhRgmDUPT2V3lE7dRg==}
    peerDependencies:
      lexical: 0.11.1
      yjs: '>=13.5.22'
    dependencies:
      '@lexical/offset': 0.11.1(lexical@0.11.1)
      lexical: 0.11.1
      yjs: 13.6.6
    dev: false

  /isomorphic.js@0.2.5:
    resolution: {integrity: sha512-PIeMbHqMt4DnUP3MA/Flc0HElYjMXArsw1qwJZcm9sqR8mq3l8NYizFMty0pWwE/tzIGH3EKK5+jes5mAr85yw==}
    dev: false

  /js-tokens@4.0.0:
    resolution: {integrity: sha512-RdJUflcE3cUzKiMqQgsCu06FPu9UdIJO0beYbPhHN4k6apgJtifcoCtT9bcxOpYBtpD2kCM6Sbzg4CausW/PKQ==}
    dev: false

  /lexical@0.11.1:
    resolution: {integrity: sha512-PhAGADxqzwJldmkVK5tvkaARTULCdeJjfhxWTnJQXTAlApE9heJir7SWxbxeUx1G5gdKZQFicGhOQlDXJmma2Q==}
    dev: false

  /lib0@0.2.78:
    resolution: {integrity: sha512-SV2nU43/6eaYnGH3l0lg2wg1ziB/TH3sAd2E8quXPGwrqo+aX98SNT2ZKucpUr5B8A52jD7ZMjAl+r87Fa/bLQ==}
    engines: {node: '>=16'}
    hasBin: true
    dependencies:
      isomorphic.js: 0.2.5
    dev: false

  /loose-envify@1.4.0:
    resolution: {integrity: sha512-lyuxPGr/Wfhrlem2CL/UcnUc1zcqKAImBDzukY7Y5F/yQiNdko6+fRLevlw1HgMySw7f611UIY408EtxRSoK3Q==}
    hasBin: true
    dependencies:
      js-tokens: 4.0.0
    dev: false

  /prismjs@1.29.0:
    resolution: {integrity: sha512-Kx/1w86q/epKcmte75LNrEoT+lX8pBpavuAbvJWRXar7Hz8jrtF+e3vY751p0R8H9HdArwaCTNDDzHg/ScJK1Q==}
    engines: {node: '>=6'}
    dev: false

  /react-dom@18.2.0(react@18.2.0):
    resolution: {integrity: sha512-6IMTriUmvsjHUjNtEDudZfuDQUoWXVxKHhlEGSk81n4YFS+r/Kl99wXiwlVXtPBtJenozv2P+hxDsw9eA7Xo6g==}
    peerDependencies:
      react: ^18.2.0
    dependencies:
      loose-envify: 1.4.0
      react: 18.2.0
      scheduler: 0.23.0
    dev: false

  /react-error-boundary@3.1.4(react@18.2.0):
    resolution: {integrity: sha512-uM9uPzZJTF6wRQORmSrvOIgt4lJ9MC1sNgEOj2XGsDTRE4kmpWxg7ENK9EWNKJRMAOY9z0MuF4yIfl6gp4sotA==}
    engines: {node: '>=10', npm: '>=6'}
    peerDependencies:
      react: '>=16.13.1'
    dependencies:
      '@babel/runtime': 7.22.6
      react: 18.2.0
    dev: false

  /react@18.2.0:
    resolution: {integrity: sha512-/3IjMdb2L9QbBdWiW5e3P2/npwMBaU9mHCSCUzNln0ZCYbcfTsGbTJrU/kGemdH2IWmB2ioZ+zkxtmq6g09fGQ==}
    engines: {node: '>=0.10.0'}
    dependencies:
      loose-envify: 1.4.0
    dev: false

  /regenerator-runtime@0.13.11:
    resolution: {integrity: sha512-kY1AZVr2Ra+t+piVaJ4gxaFaReZVH40AKNo7UCX6W+dEwBo/2oZJzqfuN1qLq1oL45o56cPaTXELwrTh8Fpggg==}
    dev: false

  /scheduler@0.23.0:
    resolution: {integrity: sha512-CtuThmgHNg7zIZWAXi3AsyIzA3n4xx7aNyjwC2VJldO2LMVDhFK+63xGqq6CsJH4rTAt6/M+N4GhZiDYPx9eUw==}
    dependencies:
      loose-envify: 1.4.0
    dev: false

  /yjs@13.6.6:
    resolution: {integrity: sha512-VTvezMeMuOra9jKG1Ym5XuQ2H4xXOubIIIupv/B5oygasa9IqDE7Ufv93QTSe9uz69J5VZGMQb2WTEmJv4kJFQ==}
    engines: {node: '>=16.0.0', npm: '>=8.0.0'}
    dependencies:
      lib0: 0.2.78
    dev: false
